{
  "name": "@gosiki-os/port-manager",
  "version": "0.1.0",
  "lockfileVersion": 3,
  "requires": true,
  "packages": {
    "": {
      "name": "@gosiki-os/port-manager",
      "version": "0.1.0",
      "license": "MIT",
      "dependencies": {
        "@gosiki-os/port-manager": "^0.1.0"
      },
      "bin": {
        "gosiki-port": "src/index.js"
      },
      "engines": {
        "node": ">=18"
      }
    },
    "node_modules/@gosiki-os/port-manager": {
      "version": "0.1.0",
      "resolved": "https://registry.npmjs.org/@gosiki-os/port-manager/-/port-manager-0.1.0.tgz",
      "integrity": "sha512-etGORVKpGKYqi0LdQcTDdvaZMX1HknHdvdujMbEHDESKKyewNJ24JnpukDFhcMTp9AW0KgZUNo3JQ3+MDyo5qQ==",
      "license": "MIT",
      "bin": {
        "gosiki-port": "src/index.js"
      },
      "engines": {
        "node": ">=18"
      }
    }
  }
}
